
Microsoft Visual Studio Solution File, Format Version 12.00
# Visual Studio Version 17
VisualStudioVersion = 17.4.33015.44
MinimumVisualStudioVersion = 10.0.40219.1
Project("{2150E333-8FDC-42A3-9474-1A3956D46DE8}") = "Src", "Src", "{66037692-DAFD-4BB8-9AF1-CDDD70498090}"
EndProject
Project("{9A19103F-16F7-4668-BE54-9A1E7A4F7556}") = "BigBang1112.Gbx.Client", "Src\BigBang1112.Gbx\Client\BigBang1112.Gbx.Client.csproj", "{B043B893-03D6-439A-B253-FEDEA5AC8801}"
EndProject
Project("{9A19103F-16F7-4668-BE54-9A1E7A4F7556}") = "BigBang1112.Gbx.Server", "Src\BigBang1112.Gbx\Server\BigBang1112.Gbx.Server.csproj", "{8FB3DD15-F379-413D-A05B-829055220180}"
EndProject
Project("{9A19103F-16F7-4668-BE54-9A1E7A4F7556}") = "BigBang1112.Gbx.Shared", "Src\BigBang1112.Gbx\Shared\BigBang1112.Gbx.Shared.csproj", "{6DF685F7-0E15-4E94-963B-8B4873B4917D}"
EndProject
Project("{9A19103F-16F7-4668-BE54-9A1E7A4F7556}") = "BigBang1112.EssentialsV2", "Src\BigBang1112.EssentialsV2\Src\BigBang1112.EssentialsV2\BigBang1112.EssentialsV2.csproj", "{0E63B6BB-9E31-4493-90A3-D54B232F5E21}"
EndProject
Project("{9A19103F-16F7-4668-BE54-9A1E7A4F7556}") = "BigBang1112.EssentialsV2.Razor", "Src\BigBang1112.EssentialsV2\Src\BigBang1112.EssentialsV2.Razor\BigBang1112.EssentialsV2.Razor.csproj", "{EEFE353B-CE79-4254-BF88-8FD49D43DFB8}"
EndProject
Project("{2150E333-8FDC-42A3-9474-1A3956D46DE8}") = "Generators", "Generators", "{1BDA35C7-EACC-453E-B0BD-8E67CC06C407}"
EndProject
Project("{9A19103F-16F7-4668-BE54-9A1E7A4F7556}") = "BigBang1112.Gbx.Server.Generators", "Generators\BigBang1112.Gbx.Server.Generators\BigBang1112.Gbx.Server.Generators.csproj", "{CDD3E0B1-F76F-496F-9902-0397D726093E}"
EndProject
Project("{2150E333-8FDC-42A3-9474-1A3956D46DE8}") = "Tools", "Tools", "{18ABC29F-40DA-42F1-8F4A-80F2762D3481}"
EndProject
Project("{2150E333-8FDC-42A3-9474-1A3956D46DE8}") = "ClipToReplay", "ClipToReplay", "{D795851F-289C-4A62-B662-225E37E5B604}"
EndProject
Project("{9A19103F-16F7-4668-BE54-9A1E7A4F7556}") = "ClipToReplay", "Tools\ClipToReplay\ClipToReplay\ClipToReplay.csproj", "{1FCA61A1-3A9B-49E2-B14B-C14A47062777}"
EndProject
Project("{2150E333-8FDC-42A3-9474-1A3956D46DE8}") = "Spike", "Spike", "{2EA6ADCB-19CC-4020-B888-5504CD42E7CD}"
EndProject
Project("{9A19103F-16F7-4668-BE54-9A1E7A4F7556}") = "Spike", "Tools\Spike\Spike\Spike.csproj", "{32785E15-D591-4CB5-AC95-E4B88CDB1FD0}"
EndProject
Project("{2150E333-8FDC-42A3-9474-1A3956D46DE8}") = "ReplayViewer", "ReplayViewer", "{1ADA24A8-6F45-41E0-B950-78FA69A37C75}"
EndProject
Project("{9A19103F-16F7-4668-BE54-9A1E7A4F7556}") = "ReplayViewer", "Tools\ReplayViewer\ReplayViewer\ReplayViewer.csproj", "{B9054852-2D11-4541-9283-C17DA059D877}"
EndProject
Project("{9A19103F-16F7-4668-BE54-9A1E7A4F7556}") = "MapViewerEngine", "Tools\ReplayViewer\MapViewerEngine\MapViewerEngine\MapViewerEngine.csproj", "{72F178CB-F463-48FC-B730-70C3712F9F50}"
EndProject
Project("{2150E333-8FDC-42A3-9474-1A3956D46DE8}") = "GhostToClip", "GhostToClip", "{3F75C32A-2821-4960-A636-D9A3D66E41EA}"
EndProject
Project("{2150E333-8FDC-42A3-9474-1A3956D46DE8}") = "ClipInput", "ClipInput", "{958DD192-75E5-4853-854F-8B019D2EDA62}"
EndProject
Project("{2150E333-8FDC-42A3-9474-1A3956D46DE8}") = "ClipCheckpoint", "ClipCheckpoint", "{C0059483-DD95-4FD7-B2CE-F817A6CA020A}"
EndProject
Project("{9A19103F-16F7-4668-BE54-9A1E7A4F7556}") = "GhostToClip", "Tools\GhostToClip\GhostToClip\GhostToClip.csproj", "{8F3E7917-FF03-4CFA-B994-ED669410E071}"
EndProject
Project("{9A19103F-16F7-4668-BE54-9A1E7A4F7556}") = "ClipInput", "Tools\ClipInput\ClipInput\ClipInput.csproj", "{AEE061E2-5098-403E-AE10-2A8FBF00F211}"
EndProject
Project("{9A19103F-16F7-4668-BE54-9A1E7A4F7556}") = "MapViewerEngine.Server", "Tools\ReplayViewer\MapViewerEngine\MapViewerEngine.Server\MapViewerEngine.Server.csproj", "{1E6DDBA1-DC39-4C0A-BB64-E7D228E77A85}"
EndProject
Project("{9A19103F-16F7-4668-BE54-9A1E7A4F7556}") = "MapViewerEngine.Shared", "Tools\ReplayViewer\MapViewerEngine\MapViewerEngine.Shared\MapViewerEngine.Shared.csproj", "{EE7DF15D-1E26-407C-8D5A-AEEE4D4854DF}"
EndProject
Project("{2150E333-8FDC-42A3-9474-1A3956D46DE8}") = "Tests", "Tests", "{68A6EA86-72F8-44F7-9220-BD361FDC6BFC}"
EndProject
Project("{9A19103F-16F7-4668-BE54-9A1E7A4F7556}") = "BigBang1112.Gbx.Client.Tests", "Tests\BigBang1112.Gbx.Client.Tests\BigBang1112.Gbx.Client.Tests.csproj", "{B89E4652-4D1D-4CAB-BE0A-821FF655FDC4}"
EndProject
Project("{2150E333-8FDC-42A3-9474-1A3956D46DE8}") = "CombineClips", "CombineClips", "{58316580-F045-4475-AABD-506266372CD0}"
EndProject
Project("{9A19103F-16F7-4668-BE54-9A1E7A4F7556}") = "CombineClips", "Tools\CombineClips\CombineClips\CombineClips.csproj", "{DA3B5CA2-6DE2-4BFF-8181-AE34254AB75D}"
EndProject
Project("{2150E333-8FDC-42A3-9474-1A3956D46DE8}") = "ChallengeV2", "ChallengeV2", "{5F152449-F58F-49AB-9D92-2CFFD171A264}"
EndProject
Project("{9A19103F-16F7-4668-BE54-9A1E7A4F7556}") = "ClipCheckpoint", "Tools\ClipCheckpoint\ClipCheckpoint\ClipCheckpoint.csproj", "{0C38901E-63A4-4E56-9153-10332A9CCC7A}"
EndProject
Project("{9A19103F-16F7-4668-BE54-9A1E7A4F7556}") = "ClipInput.Client", "Tools\ClipInput\ClipInput.Client\ClipInput.Client.csproj", "{EA9866DE-5C7E-4E4F-8D6C-DC119202B695}"
EndProject
Project("{9A19103F-16F7-4668-BE54-9A1E7A4F7556}") = "Spike.Client", "Tools\Spike\Spike.Client\Spike.Client.csproj", "{0CB38B81-C836-466B-BDDB-85D207D59264}"
EndProject
Global
	GlobalSection(SolutionConfigurationPlatforms) = preSolution
		Debug|Any CPU = Debug|Any CPU
		Debug|x64 = Debug|x64
		Debug|x86 = Debug|x86
		Release|Any CPU = Release|Any CPU
		Release|x64 = Release|x64
		Release|x86 = Release|x86
	EndGlobalSection
	GlobalSection(ProjectConfigurationPlatforms) = postSolution
		{B043B893-03D6-439A-B253-FEDEA5AC8801}.Debug|Any CPU.ActiveCfg = Debug|Any CPU
		{B043B893-03D6-439A-B253-FEDEA5AC8801}.Debug|Any CPU.Build.0 = Debug|Any CPU
		{B043B893-03D6-439A-B253-FEDEA5AC8801}.Debug|x64.ActiveCfg = Debug|Any CPU
		{B043B893-03D6-439A-B253-FEDEA5AC8801}.Debug|x64.Build.0 = Debug|Any CPU
		{B043B893-03D6-439A-B253-FEDEA5AC8801}.Debug|x86.ActiveCfg = Debug|Any CPU
		{B043B893-03D6-439A-B253-FEDEA5AC8801}.Debug|x86.Build.0 = Debug|Any CPU
		{B043B893-03D6-439A-B253-FEDEA5AC8801}.Release|Any CPU.ActiveCfg = Release|Any CPU
		{B043B893-03D6-439A-B253-FEDEA5AC8801}.Release|Any CPU.Build.0 = Release|Any CPU
		{B043B893-03D6-439A-B253-FEDEA5AC8801}.Release|x64.ActiveCfg = Release|Any CPU
		{B043B893-03D6-439A-B253-FEDEA5AC8801}.Release|x64.Build.0 = Release|Any CPU
		{B043B893-03D6-439A-B253-FEDEA5AC8801}.Release|x86.ActiveCfg = Release|Any CPU
		{B043B893-03D6-439A-B253-FEDEA5AC8801}.Release|x86.Build.0 = Release|Any CPU
		{8FB3DD15-F379-413D-A05B-829055220180}.Debug|Any CPU.ActiveCfg = Debug|Any CPU
		{8FB3DD15-F379-413D-A05B-829055220180}.Debug|Any CPU.Build.0 = Debug|Any CPU
		{8FB3DD15-F379-413D-A05B-829055220180}.Debug|x64.ActiveCfg = Debug|Any CPU
		{8FB3DD15-F379-413D-A05B-829055220180}.Debug|x64.Build.0 = Debug|Any CPU
		{8FB3DD15-F379-413D-A05B-829055220180}.Debug|x86.ActiveCfg = Debug|Any CPU
		{8FB3DD15-F379-413D-A05B-829055220180}.Debug|x86.Build.0 = Debug|Any CPU
		{8FB3DD15-F379-413D-A05B-829055220180}.Release|Any CPU.ActiveCfg = Release|Any CPU
		{8FB3DD15-F379-413D-A05B-829055220180}.Release|Any CPU.Build.0 = Release|Any CPU
		{8FB3DD15-F379-413D-A05B-829055220180}.Release|x64.ActiveCfg = Release|Any CPU
		{8FB3DD15-F379-413D-A05B-829055220180}.Release|x64.Build.0 = Release|Any CPU
		{8FB3DD15-F379-413D-A05B-829055220180}.Release|x86.ActiveCfg = Release|Any CPU
		{8FB3DD15-F379-413D-A05B-829055220180}.Release|x86.Build.0 = Release|Any CPU
		{6DF685F7-0E15-4E94-963B-8B4873B4917D}.Debug|Any CPU.ActiveCfg = Debug|Any CPU
		{6DF685F7-0E15-4E94-963B-8B4873B4917D}.Debug|Any CPU.Build.0 = Debug|Any CPU
		{6DF685F7-0E15-4E94-963B-8B4873B4917D}.Debug|x64.ActiveCfg = Debug|Any CPU
		{6DF685F7-0E15-4E94-963B-8B4873B4917D}.Debug|x64.Build.0 = Debug|Any CPU
		{6DF685F7-0E15-4E94-963B-8B4873B4917D}.Debug|x86.ActiveCfg = Debug|Any CPU
		{6DF685F7-0E15-4E94-963B-8B4873B4917D}.Debug|x86.Build.0 = Debug|Any CPU
		{6DF685F7-0E15-4E94-963B-8B4873B4917D}.Release|Any CPU.ActiveCfg = Release|Any CPU
		{6DF685F7-0E15-4E94-963B-8B4873B4917D}.Release|Any CPU.Build.0 = Release|Any CPU
		{6DF685F7-0E15-4E94-963B-8B4873B4917D}.Release|x64.ActiveCfg = Release|Any CPU
		{6DF685F7-0E15-4E94-963B-8B4873B4917D}.Release|x64.Build.0 = Release|Any CPU
		{6DF685F7-0E15-4E94-963B-8B4873B4917D}.Release|x86.ActiveCfg = Release|Any CPU
		{6DF685F7-0E15-4E94-963B-8B4873B4917D}.Release|x86.Build.0 = Release|Any CPU
		{0E63B6BB-9E31-4493-90A3-D54B232F5E21}.Debug|Any CPU.ActiveCfg = Debug|Any CPU
		{0E63B6BB-9E31-4493-90A3-D54B232F5E21}.Debug|Any CPU.Build.0 = Debug|Any CPU
		{0E63B6BB-9E31-4493-90A3-D54B232F5E21}.Debug|x64.ActiveCfg = Debug|Any CPU
		{0E63B6BB-9E31-4493-90A3-D54B232F5E21}.Debug|x64.Build.0 = Debug|Any CPU
		{0E63B6BB-9E31-4493-90A3-D54B232F5E21}.Debug|x86.ActiveCfg = Debug|Any CPU
		{0E63B6BB-9E31-4493-90A3-D54B232F5E21}.Debug|x86.Build.0 = Debug|Any CPU
		{0E63B6BB-9E31-4493-90A3-D54B232F5E21}.Release|Any CPU.ActiveCfg = Release|Any CPU
		{0E63B6BB-9E31-4493-90A3-D54B232F5E21}.Release|Any CPU.Build.0 = Release|Any CPU
		{0E63B6BB-9E31-4493-90A3-D54B232F5E21}.Release|x64.ActiveCfg = Release|Any CPU
		{0E63B6BB-9E31-4493-90A3-D54B232F5E21}.Release|x64.Build.0 = Release|Any CPU
		{0E63B6BB-9E31-4493-90A3-D54B232F5E21}.Release|x86.ActiveCfg = Release|Any CPU
		{0E63B6BB-9E31-4493-90A3-D54B232F5E21}.Release|x86.Build.0 = Release|Any CPU
		{EEFE353B-CE79-4254-BF88-8FD49D43DFB8}.Debug|Any CPU.ActiveCfg = Debug|Any CPU
		{EEFE353B-CE79-4254-BF88-8FD49D43DFB8}.Debug|Any CPU.Build.0 = Debug|Any CPU
		{EEFE353B-CE79-4254-BF88-8FD49D43DFB8}.Debug|x64.ActiveCfg = Debug|Any CPU
		{EEFE353B-CE79-4254-BF88-8FD49D43DFB8}.Debug|x64.Build.0 = Debug|Any CPU
		{EEFE353B-CE79-4254-BF88-8FD49D43DFB8}.Debug|x86.ActiveCfg = Debug|Any CPU
		{EEFE353B-CE79-4254-BF88-8FD49D43DFB8}.Debug|x86.Build.0 = Debug|Any CPU
		{EEFE353B-CE79-4254-BF88-8FD49D43DFB8}.Release|Any CPU.ActiveCfg = Release|Any CPU
		{EEFE353B-CE79-4254-BF88-8FD49D43DFB8}.Release|Any CPU.Build.0 = Release|Any CPU
		{EEFE353B-CE79-4254-BF88-8FD49D43DFB8}.Release|x64.ActiveCfg = Release|Any CPU
		{EEFE353B-CE79-4254-BF88-8FD49D43DFB8}.Release|x64.Build.0 = Release|Any CPU
		{EEFE353B-CE79-4254-BF88-8FD49D43DFB8}.Release|x86.ActiveCfg = Release|Any CPU
		{EEFE353B-CE79-4254-BF88-8FD49D43DFB8}.Release|x86.Build.0 = Release|Any CPU
		{CDD3E0B1-F76F-496F-9902-0397D726093E}.Debug|Any CPU.ActiveCfg = Debug|Any CPU
		{CDD3E0B1-F76F-496F-9902-0397D726093E}.Debug|Any CPU.Build.0 = Debug|Any CPU
		{CDD3E0B1-F76F-496F-9902-0397D726093E}.Debug|x64.ActiveCfg = Debug|Any CPU
		{CDD3E0B1-F76F-496F-9902-0397D726093E}.Debug|x64.Build.0 = Debug|Any CPU
		{CDD3E0B1-F76F-496F-9902-0397D726093E}.Debug|x86.ActiveCfg = Debug|Any CPU
		{CDD3E0B1-F76F-496F-9902-0397D726093E}.Debug|x86.Build.0 = Debug|Any CPU
		{CDD3E0B1-F76F-496F-9902-0397D726093E}.Release|Any CPU.ActiveCfg = Release|Any CPU
		{CDD3E0B1-F76F-496F-9902-0397D726093E}.Release|Any CPU.Build.0 = Release|Any CPU
		{CDD3E0B1-F76F-496F-9902-0397D726093E}.Release|x64.ActiveCfg = Release|Any CPU
		{CDD3E0B1-F76F-496F-9902-0397D726093E}.Release|x64.Build.0 = Release|Any CPU
		{CDD3E0B1-F76F-496F-9902-0397D726093E}.Release|x86.ActiveCfg = Release|Any CPU
		{CDD3E0B1-F76F-496F-9902-0397D726093E}.Release|x86.Build.0 = Release|Any CPU
		{1FCA61A1-3A9B-49E2-B14B-C14A47062777}.Debug|Any CPU.ActiveCfg = Debug|Any CPU
		{1FCA61A1-3A9B-49E2-B14B-C14A47062777}.Debug|Any CPU.Build.0 = Debug|Any CPU
		{1FCA61A1-3A9B-49E2-B14B-C14A47062777}.Debug|x64.ActiveCfg = Debug|Any CPU
		{1FCA61A1-3A9B-49E2-B14B-C14A47062777}.Debug|x64.Build.0 = Debug|Any CPU
		{1FCA61A1-3A9B-49E2-B14B-C14A47062777}.Debug|x86.ActiveCfg = Debug|Any CPU
		{1FCA61A1-3A9B-49E2-B14B-C14A47062777}.Debug|x86.Build.0 = Debug|Any CPU
		{1FCA61A1-3A9B-49E2-B14B-C14A47062777}.Release|Any CPU.ActiveCfg = Release|Any CPU
		{1FCA61A1-3A9B-49E2-B14B-C14A47062777}.Release|Any CPU.Build.0 = Release|Any CPU
		{1FCA61A1-3A9B-49E2-B14B-C14A47062777}.Release|x64.ActiveCfg = Release|Any CPU
		{1FCA61A1-3A9B-49E2-B14B-C14A47062777}.Release|x64.Build.0 = Release|Any CPU
		{1FCA61A1-3A9B-49E2-B14B-C14A47062777}.Release|x86.ActiveCfg = Release|Any CPU
		{1FCA61A1-3A9B-49E2-B14B-C14A47062777}.Release|x86.Build.0 = Release|Any CPU
		{32785E15-D591-4CB5-AC95-E4B88CDB1FD0}.Debug|Any CPU.ActiveCfg = Debug|Any CPU
		{32785E15-D591-4CB5-AC95-E4B88CDB1FD0}.Debug|Any CPU.Build.0 = Debug|Any CPU
		{32785E15-D591-4CB5-AC95-E4B88CDB1FD0}.Debug|x64.ActiveCfg = Debug|Any CPU
		{32785E15-D591-4CB5-AC95-E4B88CDB1FD0}.Debug|x64.Build.0 = Debug|Any CPU
		{32785E15-D591-4CB5-AC95-E4B88CDB1FD0}.Debug|x86.ActiveCfg = Debug|Any CPU
		{32785E15-D591-4CB5-AC95-E4B88CDB1FD0}.Debug|x86.Build.0 = Debug|Any CPU
		{32785E15-D591-4CB5-AC95-E4B88CDB1FD0}.Release|Any CPU.ActiveCfg = Release|Any CPU
		{32785E15-D591-4CB5-AC95-E4B88CDB1FD0}.Release|Any CPU.Build.0 = Release|Any CPU
		{32785E15-D591-4CB5-AC95-E4B88CDB1FD0}.Release|x64.ActiveCfg = Release|Any CPU
		{32785E15-D591-4CB5-AC95-E4B88CDB1FD0}.Release|x64.Build.0 = Release|Any CPU
		{32785E15-D591-4CB5-AC95-E4B88CDB1FD0}.Release|x86.ActiveCfg = Release|Any CPU
		{32785E15-D591-4CB5-AC95-E4B88CDB1FD0}.Release|x86.Build.0 = Release|Any CPU
		{B9054852-2D11-4541-9283-C17DA059D877}.Debug|Any CPU.ActiveCfg = Debug|Any CPU
		{B9054852-2D11-4541-9283-C17DA059D877}.Debug|Any CPU.Build.0 = Debug|Any CPU
		{B9054852-2D11-4541-9283-C17DA059D877}.Debug|x64.ActiveCfg = Debug|Any CPU
		{B9054852-2D11-4541-9283-C17DA059D877}.Debug|x64.Build.0 = Debug|Any CPU
		{B9054852-2D11-4541-9283-C17DA059D877}.Debug|x86.ActiveCfg = Debug|Any CPU
		{B9054852-2D11-4541-9283-C17DA059D877}.Debug|x86.Build.0 = Debug|Any CPU
		{B9054852-2D11-4541-9283-C17DA059D877}.Release|Any CPU.ActiveCfg = Release|Any CPU
		{B9054852-2D11-4541-9283-C17DA059D877}.Release|Any CPU.Build.0 = Release|Any CPU
		{B9054852-2D11-4541-9283-C17DA059D877}.Release|x64.ActiveCfg = Release|Any CPU
		{B9054852-2D11-4541-9283-C17DA059D877}.Release|x64.Build.0 = Release|Any CPU
		{B9054852-2D11-4541-9283-C17DA059D877}.Release|x86.ActiveCfg = Release|Any CPU
		{B9054852-2D11-4541-9283-C17DA059D877}.Release|x86.Build.0 = Release|Any CPU
		{72F178CB-F463-48FC-B730-70C3712F9F50}.Debug|Any CPU.ActiveCfg = Debug|Any CPU
		{72F178CB-F463-48FC-B730-70C3712F9F50}.Debug|Any CPU.Build.0 = Debug|Any CPU
		{72F178CB-F463-48FC-B730-70C3712F9F50}.Debug|x64.ActiveCfg = Debug|Any CPU
		{72F178CB-F463-48FC-B730-70C3712F9F50}.Debug|x64.Build.0 = Debug|Any CPU
		{72F178CB-F463-48FC-B730-70C3712F9F50}.Debug|x86.ActiveCfg = Debug|Any CPU
		{72F178CB-F463-48FC-B730-70C3712F9F50}.Debug|x86.Build.0 = Debug|Any CPU
		{72F178CB-F463-48FC-B730-70C3712F9F50}.Release|Any CPU.ActiveCfg = Release|Any CPU
		{72F178CB-F463-48FC-B730-70C3712F9F50}.Release|Any CPU.Build.0 = Release|Any CPU
		{72F178CB-F463-48FC-B730-70C3712F9F50}.Release|x64.ActiveCfg = Release|Any CPU
		{72F178CB-F463-48FC-B730-70C3712F9F50}.Release|x64.Build.0 = Release|Any CPU
		{72F178CB-F463-48FC-B730-70C3712F9F50}.Release|x86.ActiveCfg = Release|Any CPU
		{72F178CB-F463-48FC-B730-70C3712F9F50}.Release|x86.Build.0 = Release|Any CPU
		{8F3E7917-FF03-4CFA-B994-ED669410E071}.Debug|Any CPU.ActiveCfg = Debug|Any CPU
		{8F3E7917-FF03-4CFA-B994-ED669410E071}.Debug|Any CPU.Build.0 = Debug|Any CPU
		{8F3E7917-FF03-4CFA-B994-ED669410E071}.Debug|x64.ActiveCfg = Debug|Any CPU
		{8F3E7917-FF03-4CFA-B994-ED669410E071}.Debug|x64.Build.0 = Debug|Any CPU
		{8F3E7917-FF03-4CFA-B994-ED669410E071}.Debug|x86.ActiveCfg = Debug|Any CPU
		{8F3E7917-FF03-4CFA-B994-ED669410E071}.Debug|x86.Build.0 = Debug|Any CPU
		{8F3E7917-FF03-4CFA-B994-ED669410E071}.Release|Any CPU.ActiveCfg = Release|Any CPU
		{8F3E7917-FF03-4CFA-B994-ED669410E071}.Release|Any CPU.Build.0 = Release|Any CPU
		{8F3E7917-FF03-4CFA-B994-ED669410E071}.Release|x64.ActiveCfg = Release|Any CPU
		{8F3E7917-FF03-4CFA-B994-ED669410E071}.Release|x64.Build.0 = Release|Any CPU
		{8F3E7917-FF03-4CFA-B994-ED669410E071}.Release|x86.ActiveCfg = Release|Any CPU
		{8F3E7917-FF03-4CFA-B994-ED669410E071}.Release|x86.Build.0 = Release|Any CPU
		{AEE061E2-5098-403E-AE10-2A8FBF00F211}.Debug|Any CPU.ActiveCfg = Debug|Any CPU
		{AEE061E2-5098-403E-AE10-2A8FBF00F211}.Debug|Any CPU.Build.0 = Debug|Any CPU
		{AEE061E2-5098-403E-AE10-2A8FBF00F211}.Debug|x64.ActiveCfg = Debug|Any CPU
		{AEE061E2-5098-403E-AE10-2A8FBF00F211}.Debug|x64.Build.0 = Debug|Any CPU
		{AEE061E2-5098-403E-AE10-2A8FBF00F211}.Debug|x86.ActiveCfg = Debug|Any CPU
		{AEE061E2-5098-403E-AE10-2A8FBF00F211}.Debug|x86.Build.0 = Debug|Any CPU
		{AEE061E2-5098-403E-AE10-2A8FBF00F211}.Release|Any CPU.ActiveCfg = Release|Any CPU
		{AEE061E2-5098-403E-AE10-2A8FBF00F211}.Release|Any CPU.Build.0 = Release|Any CPU
		{AEE061E2-5098-403E-AE10-2A8FBF00F211}.Release|x64.ActiveCfg = Release|Any CPU
		{AEE061E2-5098-403E-AE10-2A8FBF00F211}.Release|x64.Build.0 = Release|Any CPU
		{AEE061E2-5098-403E-AE10-2A8FBF00F211}.Release|x86.ActiveCfg = Release|Any CPU
		{AEE061E2-5098-403E-AE10-2A8FBF00F211}.Release|x86.Build.0 = Release|Any CPU
		{1E6DDBA1-DC39-4C0A-BB64-E7D228E77A85}.Debug|Any CPU.ActiveCfg = Debug|Any CPU
		{1E6DDBA1-DC39-4C0A-BB64-E7D228E77A85}.Debug|Any CPU.Build.0 = Debug|Any CPU
		{1E6DDBA1-DC39-4C0A-BB64-E7D228E77A85}.Debug|x64.ActiveCfg = Debug|Any CPU
		{1E6DDBA1-DC39-4C0A-BB64-E7D228E77A85}.Debug|x64.Build.0 = Debug|Any CPU
		{1E6DDBA1-DC39-4C0A-BB64-E7D228E77A85}.Debug|x86.ActiveCfg = Debug|Any CPU
		{1E6DDBA1-DC39-4C0A-BB64-E7D228E77A85}.Debug|x86.Build.0 = Debug|Any CPU
		{1E6DDBA1-DC39-4C0A-BB64-E7D228E77A85}.Release|Any CPU.ActiveCfg = Release|Any CPU
		{1E6DDBA1-DC39-4C0A-BB64-E7D228E77A85}.Release|Any CPU.Build.0 = Release|Any CPU
		{1E6DDBA1-DC39-4C0A-BB64-E7D228E77A85}.Release|x64.ActiveCfg = Release|Any CPU
		{1E6DDBA1-DC39-4C0A-BB64-E7D228E77A85}.Release|x64.Build.0 = Release|Any CPU
		{1E6DDBA1-DC39-4C0A-BB64-E7D228E77A85}.Release|x86.ActiveCfg = Release|Any CPU
		{1E6DDBA1-DC39-4C0A-BB64-E7D228E77A85}.Release|x86.Build.0 = Release|Any CPU
		{EE7DF15D-1E26-407C-8D5A-AEEE4D4854DF}.Debug|Any CPU.ActiveCfg = Debug|Any CPU
		{EE7DF15D-1E26-407C-8D5A-AEEE4D4854DF}.Debug|Any CPU.Build.0 = Debug|Any CPU
		{EE7DF15D-1E26-407C-8D5A-AEEE4D4854DF}.Debug|x64.ActiveCfg = Debug|Any CPU
		{EE7DF15D-1E26-407C-8D5A-AEEE4D4854DF}.Debug|x64.Build.0 = Debug|Any CPU
		{EE7DF15D-1E26-407C-8D5A-AEEE4D4854DF}.Debug|x86.ActiveCfg = Debug|Any CPU
		{EE7DF15D-1E26-407C-8D5A-AEEE4D4854DF}.Debug|x86.Build.0 = Debug|Any CPU
		{EE7DF15D-1E26-407C-8D5A-AEEE4D4854DF}.Release|Any CPU.ActiveCfg = Release|Any CPU
		{EE7DF15D-1E26-407C-8D5A-AEEE4D4854DF}.Release|Any CPU.Build.0 = Release|Any CPU
		{EE7DF15D-1E26-407C-8D5A-AEEE4D4854DF}.Release|x64.ActiveCfg = Release|Any CPU
		{EE7DF15D-1E26-407C-8D5A-AEEE4D4854DF}.Release|x64.Build.0 = Release|Any CPU
		{EE7DF15D-1E26-407C-8D5A-AEEE4D4854DF}.Release|x86.ActiveCfg = Release|Any CPU
		{EE7DF15D-1E26-407C-8D5A-AEEE4D4854DF}.Release|x86.Build.0 = Release|Any CPU
		{B89E4652-4D1D-4CAB-BE0A-821FF655FDC4}.Debug|Any CPU.ActiveCfg = Debug|Any CPU
		{B89E4652-4D1D-4CAB-BE0A-821FF655FDC4}.Debug|Any CPU.Build.0 = Debug|Any CPU
		{B89E4652-4D1D-4CAB-BE0A-821FF655FDC4}.Debug|x64.ActiveCfg = Debug|Any CPU
		{B89E4652-4D1D-4CAB-BE0A-821FF655FDC4}.Debug|x64.Build.0 = Debug|Any CPU
		{B89E4652-4D1D-4CAB-BE0A-821FF655FDC4}.Debug|x86.ActiveCfg = Debug|Any CPU
		{B89E4652-4D1D-4CAB-BE0A-821FF655FDC4}.Debug|x86.Build.0 = Debug|Any CPU
		{B89E4652-4D1D-4CAB-BE0A-821FF655FDC4}.Release|Any CPU.ActiveCfg = Release|Any CPU
		{B89E4652-4D1D-4CAB-BE0A-821FF655FDC4}.Release|Any CPU.Build.0 = Release|Any CPU
		{B89E4652-4D1D-4CAB-BE0A-821FF655FDC4}.Release|x64.ActiveCfg = Release|Any CPU
		{B89E4652-4D1D-4CAB-BE0A-821FF655FDC4}.Release|x64.Build.0 = Release|Any CPU
		{B89E4652-4D1D-4CAB-BE0A-821FF655FDC4}.Release|x86.ActiveCfg = Release|Any CPU
		{B89E4652-4D1D-4CAB-BE0A-821FF655FDC4}.Release|x86.Build.0 = Release|Any CPU
		{DA3B5CA2-6DE2-4BFF-8181-AE34254AB75D}.Debug|Any CPU.ActiveCfg = Debug|Any CPU
		{DA3B5CA2-6DE2-4BFF-8181-AE34254AB75D}.Debug|Any CPU.Build.0 = Debug|Any CPU
		{DA3B5CA2-6DE2-4BFF-8181-AE34254AB75D}.Debug|x64.ActiveCfg = Debug|Any CPU
		{DA3B5CA2-6DE2-4BFF-8181-AE34254AB75D}.Debug|x64.Build.0 = Debug|Any CPU
		{DA3B5CA2-6DE2-4BFF-8181-AE34254AB75D}.Debug|x86.ActiveCfg = Debug|Any CPU
		{DA3B5CA2-6DE2-4BFF-8181-AE34254AB75D}.Debug|x86.Build.0 = Debug|Any CPU
		{DA3B5CA2-6DE2-4BFF-8181-AE34254AB75D}.Release|Any CPU.ActiveCfg = Release|Any CPU
		{DA3B5CA2-6DE2-4BFF-8181-AE34254AB75D}.Release|Any CPU.Build.0 = Release|Any CPU
		{DA3B5CA2-6DE2-4BFF-8181-AE34254AB75D}.Release|x64.ActiveCfg = Release|Any CPU
		{DA3B5CA2-6DE2-4BFF-8181-AE34254AB75D}.Release|x64.Build.0 = Release|Any CPU
		{DA3B5CA2-6DE2-4BFF-8181-AE34254AB75D}.Release|x86.ActiveCfg = Release|Any CPU
		{DA3B5CA2-6DE2-4BFF-8181-AE34254AB75D}.Release|x86.Build.0 = Release|Any CPU
		{0C38901E-63A4-4E56-9153-10332A9CCC7A}.Debug|Any CPU.ActiveCfg = Debug|Any CPU
		{0C38901E-63A4-4E56-9153-10332A9CCC7A}.Debug|Any CPU.Build.0 = Debug|Any CPU
		{0C38901E-63A4-4E56-9153-10332A9CCC7A}.Debug|x64.ActiveCfg = Debug|Any CPU
		{0C38901E-63A4-4E56-9153-10332A9CCC7A}.Debug|x64.Build.0 = Debug|Any CPU
		{0C38901E-63A4-4E56-9153-10332A9CCC7A}.Debug|x86.ActiveCfg = Debug|Any CPU
		{0C38901E-63A4-4E56-9153-10332A9CCC7A}.Debug|x86.Build.0 = Debug|Any CPU
		{0C38901E-63A4-4E56-9153-10332A9CCC7A}.Release|Any CPU.ActiveCfg = Release|Any CPU
		{0C38901E-63A4-4E56-9153-10332A9CCC7A}.Release|Any CPU.Build.0 = Release|Any CPU
		{0C38901E-63A4-4E56-9153-10332A9CCC7A}.Release|x64.ActiveCfg = Release|Any CPU
		{0C38901E-63A4-4E56-9153-10332A9CCC7A}.Release|x64.Build.0 = Release|Any CPU
		{0C38901E-63A4-4E56-9153-10332A9CCC7A}.Release|x86.ActiveCfg = Release|Any CPU
		{0C38901E-63A4-4E56-9153-10332A9CCC7A}.Release|x86.Build.0 = Release|Any CPU
		{EA9866DE-5C7E-4E4F-8D6C-DC119202B695}.Debug|Any CPU.ActiveCfg = Debug|Any CPU
		{EA9866DE-5C7E-4E4F-8D6C-DC119202B695}.Debug|Any CPU.Build.0 = Debug|Any CPU
		{EA9866DE-5C7E-4E4F-8D6C-DC119202B695}.Debug|x64.ActiveCfg = Debug|Any CPU
		{EA9866DE-5C7E-4E4F-8D6C-DC119202B695}.Debug|x64.Build.0 = Debug|Any CPU
		{EA9866DE-5C7E-4E4F-8D6C-DC119202B695}.Debug|x86.ActiveCfg = Debug|Any CPU
		{EA9866DE-5C7E-4E4F-8D6C-DC119202B695}.Debug|x86.Build.0 = Debug|Any CPU
		{EA9866DE-5C7E-4E4F-8D6C-DC119202B695}.Release|Any CPU.ActiveCfg = Release|Any CPU
		{EA9866DE-5C7E-4E4F-8D6C-DC119202B695}.Release|Any CPU.Build.0 = Release|Any CPU
		{EA9866DE-5C7E-4E4F-8D6C-DC119202B695}.Release|x64.ActiveCfg = Release|Any CPU
		{EA9866DE-5C7E-4E4F-8D6C-DC119202B695}.Release|x64.Build.0 = Release|Any CPU
		{EA9866DE-5C7E-4E4F-8D6C-DC119202B695}.Release|x86.ActiveCfg = Release|Any CPU
		{EA9866DE-5C7E-4E4F-8D6C-DC119202B695}.Release|x86.Build.0 = Release|Any CPU
		{0CB38B81-C836-466B-BDDB-85D207D59264}.Debug|Any CPU.ActiveCfg = Debug|Any CPU
		{0CB38B81-C836-466B-BDDB-85D207D59264}.Debug|Any CPU.Build.0 = Debug|Any CPU
		{0CB38B81-C836-466B-BDDB-85D207D59264}.Debug|x64.ActiveCfg = Debug|Any CPU
		{0CB38B81-C836-466B-BDDB-85D207D59264}.Debug|x64.Build.0 = Debug|Any CPU
		{0CB38B81-C836-466B-BDDB-85D207D59264}.Debug|x86.ActiveCfg = Debug|Any CPU
		{0CB38B81-C836-466B-BDDB-85D207D59264}.Debug|x86.Build.0 = Debug|Any CPU
		{0CB38B81-C836-466B-BDDB-85D207D59264}.Release|Any CPU.ActiveCfg = Release|Any CPU
		{0CB38B81-C836-466B-BDDB-85D207D59264}.Release|Any CPU.Build.0 = Release|Any CPU
		{0CB38B81-C836-466B-BDDB-85D207D59264}.Release|x64.ActiveCfg = Release|Any CPU
		{0CB38B81-C836-466B-BDDB-85D207D59264}.Release|x64.Build.0 = Release|Any CPU
		{0CB38B81-C836-466B-BDDB-85D207D59264}.Release|x86.ActiveCfg = Release|Any CPU
		{0CB38B81-C836-466B-BDDB-85D207D59264}.Release|x86.Build.0 = Release|Any CPU
	EndGlobalSection
	GlobalSection(SolutionProperties) = preSolution
		HideSolutionNode = FALSE
	EndGlobalSection
	GlobalSection(NestedProjects) = preSolution
		{B043B893-03D6-439A-B253-FEDEA5AC8801} = {66037692-DAFD-4BB8-9AF1-CDDD70498090}
		{8FB3DD15-F379-413D-A05B-829055220180} = {66037692-DAFD-4BB8-9AF1-CDDD70498090}
		{6DF685F7-0E15-4E94-963B-8B4873B4917D} = {66037692-DAFD-4BB8-9AF1-CDDD70498090}
		{0E63B6BB-9E31-4493-90A3-D54B232F5E21} = {66037692-DAFD-4BB8-9AF1-CDDD70498090}
		{EEFE353B-CE79-4254-BF88-8FD49D43DFB8} = {66037692-DAFD-4BB8-9AF1-CDDD70498090}
		{CDD3E0B1-F76F-496F-9902-0397D726093E} = {1BDA35C7-EACC-453E-B0BD-8E67CC06C407}
		{D795851F-289C-4A62-B662-225E37E5B604} = {18ABC29F-40DA-42F1-8F4A-80F2762D3481}
		{1FCA61A1-3A9B-49E2-B14B-C14A47062777} = {D795851F-289C-4A62-B662-225E37E5B604}
		{2EA6ADCB-19CC-4020-B888-5504CD42E7CD} = {18ABC29F-40DA-42F1-8F4A-80F2762D3481}
		{32785E15-D591-4CB5-AC95-E4B88CDB1FD0} = {2EA6ADCB-19CC-4020-B888-5504CD42E7CD}
		{1ADA24A8-6F45-41E0-B950-78FA69A37C75} = {18ABC29F-40DA-42F1-8F4A-80F2762D3481}
		{B9054852-2D11-4541-9283-C17DA059D877} = {1ADA24A8-6F45-41E0-B950-78FA69A37C75}
		{72F178CB-F463-48FC-B730-70C3712F9F50} = {1ADA24A8-6F45-41E0-B950-78FA69A37C75}
		{3F75C32A-2821-4960-A636-D9A3D66E41EA} = {18ABC29F-40DA-42F1-8F4A-80F2762D3481}
		{958DD192-75E5-4853-854F-8B019D2EDA62} = {18ABC29F-40DA-42F1-8F4A-80F2762D3481}
		{C0059483-DD95-4FD7-B2CE-F817A6CA020A} = {18ABC29F-40DA-42F1-8F4A-80F2762D3481}
		{8F3E7917-FF03-4CFA-B994-ED669410E071} = {3F75C32A-2821-4960-A636-D9A3D66E41EA}
		{AEE061E2-5098-403E-AE10-2A8FBF00F211} = {958DD192-75E5-4853-854F-8B019D2EDA62}
		{1E6DDBA1-DC39-4C0A-BB64-E7D228E77A85} = {1ADA24A8-6F45-41E0-B950-78FA69A37C75}
		{EE7DF15D-1E26-407C-8D5A-AEEE4D4854DF} = {1ADA24A8-6F45-41E0-B950-78FA69A37C75}
		{B89E4652-4D1D-4CAB-BE0A-821FF655FDC4} = {68A6EA86-72F8-44F7-9220-BD361FDC6BFC}
		{58316580-F045-4475-AABD-506266372CD0} = {18ABC29F-40DA-42F1-8F4A-80F2762D3481}
		{DA3B5CA2-6DE2-4BFF-8181-AE34254AB75D} = {58316580-F045-4475-AABD-506266372CD0}
		{5F152449-F58F-49AB-9D92-2CFFD171A264} = {18ABC29F-40DA-42F1-8F4A-80F2762D3481}
		{0C38901E-63A4-4E56-9153-10332A9CCC7A} = {C0059483-DD95-4FD7-B2CE-F817A6CA020A}
		{EA9866DE-5C7E-4E4F-8D6C-DC119202B695} = {958DD192-75E5-4853-854F-8B019D2EDA62}
		{0CB38B81-C836-466B-BDDB-85D207D59264} = {2EA6ADCB-19CC-4020-B888-5504CD42E7CD}
	EndGlobalSection
	GlobalSection(ExtensibilityGlobals) = postSolution
		SolutionGuid = {36A51A0F-7F1D-4750-8135-34F991E041BB}
	EndGlobalSection
EndGlobal
