
Microsoft Visual Studio Solution File, Format Version 12.00
# Visual Studio Version 17
VisualStudioVersion = 17.4.33015.44
MinimumVisualStudioVersion = 10.0.40219.1
Project("{2150E333-8FDC-42A3-9474-1A3956D46DE8}") = "Src", "Src", "{66037692-DAFD-4BB8-9AF1-CDDD70498090}"
EndProject
Project("{9A19103F-16F7-4668-BE54-9A1E7A4F7556}") = "BigBang1112.Gbx.Client", "Src\BigBang1112.Gbx\Client\BigBang1112.Gbx.Client.csproj", "{B043B893-03D6-439A-B253-FEDEA5AC8801}"
EndProject
Project("{9A19103F-16F7-4668-BE54-9A1E7A4F7556}") = "BigBang1112.Gbx.Server", "Src\BigBang1112.Gbx\Server\BigBang1112.Gbx.Server.csproj", "{8FB3DD15-F379-413D-A05B-829055220180}"
EndProject
Project("{9A19103F-16F7-4668-BE54-9A1E7A4F7556}") = "BigBang1112.Gbx.Shared", "Src\BigBang1112.Gbx\Shared\BigBang1112.Gbx.Shared.csproj", "{6DF685F7-0E15-4E94-963B-8B4873B4917D}"
EndProject
Project("{9A19103F-16F7-4668-BE54-9A1E7A4F7556}") = "BigBang1112.EssentialsV2", "Src\BigBang1112.EssentialsV2\Src\BigBang1112.EssentialsV2\BigBang1112.EssentialsV2.csproj", "{0E63B6BB-9E31-4493-90A3-D54B232F5E21}"
EndProject
Project("{9A19103F-16F7-4668-BE54-9A1E7A4F7556}") = "BigBang1112.EssentialsV2.Razor", "Src\BigBang1112.EssentialsV2\Src\BigBang1112.EssentialsV2.Razor\BigBang1112.EssentialsV2.Razor.csproj", "{EEFE353B-CE79-4254-BF88-8FD49D43DFB8}"
EndProject
Project("{2150E333-8FDC-42A3-9474-1A3956D46DE8}") = "Generators", "Generators", "{1BDA35C7-EACC-453E-B0BD-8E67CC06C407}"
EndProject
Project("{9A19103F-16F7-4668-BE54-9A1E7A4F7556}") = "BigBang1112.Gbx.Server.Generators", "Generators\BigBang1112.Gbx.Server.Generators\BigBang1112.Gbx.Server.Generators.csproj", "{CDD3E0B1-F76F-496F-9902-0397D726093E}"
EndProject
Project("{2150E333-8FDC-42A3-9474-1A3956D46DE8}") = "Tools", "Tools", "{18ABC29F-40DA-42F1-8F4A-80F2762D3481}"
EndProject
Project("{2150E333-8FDC-42A3-9474-1A3956D46DE8}") = "ClipToReplay", "ClipToReplay", "{D795851F-289C-4A62-B662-225E37E5B604}"
EndProject
Project("{9A19103F-16F7-4668-BE54-9A1E7A4F7556}") = "ClipToReplay", "Tools\ClipToReplay\ClipToReplay\ClipToReplay.csproj", "{1FCA61A1-3A9B-49E2-B14B-C14A47062777}"
EndProject
Project("{9A19103F-16F7-4668-BE54-9A1E7A4F7556}") = "GbxToolAPI", "Tools\ClipToReplay\GbxToolAPI\GbxToolAPI\GbxToolAPI.csproj", "{740B0933-8AD0-45F2-AB04-2BEB5043B730}"
EndProject
Project("{2150E333-8FDC-42A3-9474-1A3956D46DE8}") = "Spike", "Spike", "{2EA6ADCB-19CC-4020-B888-5504CD42E7CD}"
EndProject
Project("{9A19103F-16F7-4668-BE54-9A1E7A4F7556}") = "Spike", "Tools\Spike\Spike\Spike.csproj", "{32785E15-D591-4CB5-AC95-E4B88CDB1FD0}"
EndProject
Project("{9A19103F-16F7-4668-BE54-9A1E7A4F7556}") = "GbxToolAPI", "Tools\Spike\GbxToolAPI\GbxToolAPI\GbxToolAPI.csproj", "{87F6E45D-D8C2-4E9E-9281-3954A52D2D0B}"
EndProject
Project("{9A19103F-16F7-4668-BE54-9A1E7A4F7556}") = "GBX.NET", "Tools\Spike\GBX.NET\Src\GBX.NET\GBX.NET.csproj", "{0E48BF8C-A787-434A-B02C-619A1C4E064B}"
EndProject
Project("{9A19103F-16F7-4668-BE54-9A1E7A4F7556}") = "GBX.NET.Generators", "Tools\Spike\GBX.NET\Generators\GBX.NET.Generators\GBX.NET.Generators.csproj", "{37CBA29D-4AD6-4B3C-A699-30784FB1F8DA}"
EndProject
Project("{2150E333-8FDC-42A3-9474-1A3956D46DE8}") = "ReplayViewer", "ReplayViewer", "{1ADA24A8-6F45-41E0-B950-78FA69A37C75}"
EndProject
Project("{9A19103F-16F7-4668-BE54-9A1E7A4F7556}") = "ReplayViewer", "Tools\ReplayViewer\ReplayViewer\ReplayViewer.csproj", "{B9054852-2D11-4541-9283-C17DA059D877}"
EndProject
Project("{9A19103F-16F7-4668-BE54-9A1E7A4F7556}") = "MapViewerEngine", "Tools\ReplayViewer\MapViewerEngine\MapViewerEngine\MapViewerEngine.csproj", "{72F178CB-F463-48FC-B730-70C3712F9F50}"
EndProject
Project("{9A19103F-16F7-4668-BE54-9A1E7A4F7556}") = "GbxToolAPI", "Tools\ReplayViewer\MapViewerEngine\GbxToolAPI\GbxToolAPI\GbxToolAPI.csproj", "{8FBA0086-6033-4C57-9D7D-996410F5EBA4}"
EndProject
Project("{2150E333-8FDC-42A3-9474-1A3956D46DE8}") = "GhostToClip", "GhostToClip", "{3F75C32A-2821-4960-A636-D9A3D66E41EA}"
EndProject
Project("{2150E333-8FDC-42A3-9474-1A3956D46DE8}") = "ClipInput", "ClipInput", "{958DD192-75E5-4853-854F-8B019D2EDA62}"
EndProject
Project("{2150E333-8FDC-42A3-9474-1A3956D46DE8}") = "ClipCheckpoint", "ClipCheckpoint", "{C0059483-DD95-4FD7-B2CE-F817A6CA020A}"
EndProject
Project("{9A19103F-16F7-4668-BE54-9A1E7A4F7556}") = "GhostToClip", "Tools\GhostToClip\GhostToClip\GhostToClip.csproj", "{8F3E7917-FF03-4CFA-B994-ED669410E071}"
EndProject
Project("{9A19103F-16F7-4668-BE54-9A1E7A4F7556}") = "GbxToolAPI", "Tools\GhostToClip\GbxToolAPI\GbxToolAPI\GbxToolAPI.csproj", "{C3F7D395-A908-4A69-BEC4-E679331BB104}"
EndProject
Project("{9A19103F-16F7-4668-BE54-9A1E7A4F7556}") = "ClipInput", "Tools\ClipInput\ClipInput\ClipInput.csproj", "{AEE061E2-5098-403E-AE10-2A8FBF00F211}"
EndProject
Project("{9A19103F-16F7-4668-BE54-9A1E7A4F7556}") = "GbxToolAPI", "Tools\ClipInput\GbxToolAPI\GbxToolAPI\GbxToolAPI.csproj", "{37FFABF9-64C7-477D-994B-81F204F0FD2E}"
EndProject
Project("{9A19103F-16F7-4668-BE54-9A1E7A4F7556}") = "GBX.NET", "Tools\ClipInput\GBX.NET\Src\GBX.NET\GBX.NET.csproj", "{371A1D37-47BE-417F-82F0-3BE47A82AAD0}"
EndProject
Project("{9A19103F-16F7-4668-BE54-9A1E7A4F7556}") = "GBX.NET.Generators", "Tools\ClipInput\GBX.NET\Generators\GBX.NET.Generators\GBX.NET.Generators.csproj", "{4E91C704-FD33-424C-9E88-642766DBA5B5}"
EndProject
Global
	GlobalSection(SolutionConfigurationPlatforms) = preSolution
		Debug|Any CPU = Debug|Any CPU
		Debug|x64 = Debug|x64
		Debug|x86 = Debug|x86
		Release|Any CPU = Release|Any CPU
		Release|x64 = Release|x64
		Release|x86 = Release|x86
	EndGlobalSection
	GlobalSection(ProjectConfigurationPlatforms) = postSolution
		{B043B893-03D6-439A-B253-FEDEA5AC8801}.Debug|Any CPU.ActiveCfg = Debug|Any CPU
		{B043B893-03D6-439A-B253-FEDEA5AC8801}.Debug|Any CPU.Build.0 = Debug|Any CPU
		{B043B893-03D6-439A-B253-FEDEA5AC8801}.Debug|x64.ActiveCfg = Debug|Any CPU
		{B043B893-03D6-439A-B253-FEDEA5AC8801}.Debug|x64.Build.0 = Debug|Any CPU
		{B043B893-03D6-439A-B253-FEDEA5AC8801}.Debug|x86.ActiveCfg = Debug|Any CPU
		{B043B893-03D6-439A-B253-FEDEA5AC8801}.Debug|x86.Build.0 = Debug|Any CPU
		{B043B893-03D6-439A-B253-FEDEA5AC8801}.Release|Any CPU.ActiveCfg = Release|Any CPU
		{B043B893-03D6-439A-B253-FEDEA5AC8801}.Release|Any CPU.Build.0 = Release|Any CPU
		{B043B893-03D6-439A-B253-FEDEA5AC8801}.Release|x64.ActiveCfg = Release|Any CPU
		{B043B893-03D6-439A-B253-FEDEA5AC8801}.Release|x64.Build.0 = Release|Any CPU
		{B043B893-03D6-439A-B253-FEDEA5AC8801}.Release|x86.ActiveCfg = Release|Any CPU
		{B043B893-03D6-439A-B253-FEDEA5AC8801}.Release|x86.Build.0 = Release|Any CPU
		{8FB3DD15-F379-413D-A05B-829055220180}.Debug|Any CPU.ActiveCfg = Debug|Any CPU
		{8FB3DD15-F379-413D-A05B-829055220180}.Debug|Any CPU.Build.0 = Debug|Any CPU
		{8FB3DD15-F379-413D-A05B-829055220180}.Debug|x64.ActiveCfg = Debug|Any CPU
		{8FB3DD15-F379-413D-A05B-829055220180}.Debug|x64.Build.0 = Debug|Any CPU
		{8FB3DD15-F379-413D-A05B-829055220180}.Debug|x86.ActiveCfg = Debug|Any CPU
		{8FB3DD15-F379-413D-A05B-829055220180}.Debug|x86.Build.0 = Debug|Any CPU
		{8FB3DD15-F379-413D-A05B-829055220180}.Release|Any CPU.ActiveCfg = Release|Any CPU
		{8FB3DD15-F379-413D-A05B-829055220180}.Release|Any CPU.Build.0 = Release|Any CPU
		{8FB3DD15-F379-413D-A05B-829055220180}.Release|x64.ActiveCfg = Release|Any CPU
		{8FB3DD15-F379-413D-A05B-829055220180}.Release|x64.Build.0 = Release|Any CPU
		{8FB3DD15-F379-413D-A05B-829055220180}.Release|x86.ActiveCfg = Release|Any CPU
		{8FB3DD15-F379-413D-A05B-829055220180}.Release|x86.Build.0 = Release|Any CPU
		{6DF685F7-0E15-4E94-963B-8B4873B4917D}.Debug|Any CPU.ActiveCfg = Debug|Any CPU
		{6DF685F7-0E15-4E94-963B-8B4873B4917D}.Debug|Any CPU.Build.0 = Debug|Any CPU
		{6DF685F7-0E15-4E94-963B-8B4873B4917D}.Debug|x64.ActiveCfg = Debug|Any CPU
		{6DF685F7-0E15-4E94-963B-8B4873B4917D}.Debug|x64.Build.0 = Debug|Any CPU
		{6DF685F7-0E15-4E94-963B-8B4873B4917D}.Debug|x86.ActiveCfg = Debug|Any CPU
		{6DF685F7-0E15-4E94-963B-8B4873B4917D}.Debug|x86.Build.0 = Debug|Any CPU
		{6DF685F7-0E15-4E94-963B-8B4873B4917D}.Release|Any CPU.ActiveCfg = Release|Any CPU
		{6DF685F7-0E15-4E94-963B-8B4873B4917D}.Release|Any CPU.Build.0 = Release|Any CPU
		{6DF685F7-0E15-4E94-963B-8B4873B4917D}.Release|x64.ActiveCfg = Release|Any CPU
		{6DF685F7-0E15-4E94-963B-8B4873B4917D}.Release|x64.Build.0 = Release|Any CPU
		{6DF685F7-0E15-4E94-963B-8B4873B4917D}.Release|x86.ActiveCfg = Release|Any CPU
		{6DF685F7-0E15-4E94-963B-8B4873B4917D}.Release|x86.Build.0 = Release|Any CPU
		{0E63B6BB-9E31-4493-90A3-D54B232F5E21}.Debug|Any CPU.ActiveCfg = Debug|Any CPU
		{0E63B6BB-9E31-4493-90A3-D54B232F5E21}.Debug|Any CPU.Build.0 = Debug|Any CPU
		{0E63B6BB-9E31-4493-90A3-D54B232F5E21}.Debug|x64.ActiveCfg = Debug|Any CPU
		{0E63B6BB-9E31-4493-90A3-D54B232F5E21}.Debug|x64.Build.0 = Debug|Any CPU
		{0E63B6BB-9E31-4493-90A3-D54B232F5E21}.Debug|x86.ActiveCfg = Debug|Any CPU
		{0E63B6BB-9E31-4493-90A3-D54B232F5E21}.Debug|x86.Build.0 = Debug|Any CPU
		{0E63B6BB-9E31-4493-90A3-D54B232F5E21}.Release|Any CPU.ActiveCfg = Release|Any CPU
		{0E63B6BB-9E31-4493-90A3-D54B232F5E21}.Release|Any CPU.Build.0 = Release|Any CPU
		{0E63B6BB-9E31-4493-90A3-D54B232F5E21}.Release|x64.ActiveCfg = Release|Any CPU
		{0E63B6BB-9E31-4493-90A3-D54B232F5E21}.Release|x64.Build.0 = Release|Any CPU
		{0E63B6BB-9E31-4493-90A3-D54B232F5E21}.Release|x86.ActiveCfg = Release|Any CPU
		{0E63B6BB-9E31-4493-90A3-D54B232F5E21}.Release|x86.Build.0 = Release|Any CPU
		{EEFE353B-CE79-4254-BF88-8FD49D43DFB8}.Debug|Any CPU.ActiveCfg = Debug|Any CPU
		{EEFE353B-CE79-4254-BF88-8FD49D43DFB8}.Debug|Any CPU.Build.0 = Debug|Any CPU
		{EEFE353B-CE79-4254-BF88-8FD49D43DFB8}.Debug|x64.ActiveCfg = Debug|Any CPU
		{EEFE353B-CE79-4254-BF88-8FD49D43DFB8}.Debug|x64.Build.0 = Debug|Any CPU
		{EEFE353B-CE79-4254-BF88-8FD49D43DFB8}.Debug|x86.ActiveCfg = Debug|Any CPU
		{EEFE353B-CE79-4254-BF88-8FD49D43DFB8}.Debug|x86.Build.0 = Debug|Any CPU
		{EEFE353B-CE79-4254-BF88-8FD49D43DFB8}.Release|Any CPU.ActiveCfg = Release|Any CPU
		{EEFE353B-CE79-4254-BF88-8FD49D43DFB8}.Release|Any CPU.Build.0 = Release|Any CPU
		{EEFE353B-CE79-4254-BF88-8FD49D43DFB8}.Release|x64.ActiveCfg = Release|Any CPU
		{EEFE353B-CE79-4254-BF88-8FD49D43DFB8}.Release|x64.Build.0 = Release|Any CPU
		{EEFE353B-CE79-4254-BF88-8FD49D43DFB8}.Release|x86.ActiveCfg = Release|Any CPU
		{EEFE353B-CE79-4254-BF88-8FD49D43DFB8}.Release|x86.Build.0 = Release|Any CPU
		{CDD3E0B1-F76F-496F-9902-0397D726093E}.Debug|Any CPU.ActiveCfg = Debug|Any CPU
		{CDD3E0B1-F76F-496F-9902-0397D726093E}.Debug|Any CPU.Build.0 = Debug|Any CPU
		{CDD3E0B1-F76F-496F-9902-0397D726093E}.Debug|x64.ActiveCfg = Debug|Any CPU
		{CDD3E0B1-F76F-496F-9902-0397D726093E}.Debug|x64.Build.0 = Debug|Any CPU
		{CDD3E0B1-F76F-496F-9902-0397D726093E}.Debug|x86.ActiveCfg = Debug|Any CPU
		{CDD3E0B1-F76F-496F-9902-0397D726093E}.Debug|x86.Build.0 = Debug|Any CPU
		{CDD3E0B1-F76F-496F-9902-0397D726093E}.Release|Any CPU.ActiveCfg = Release|Any CPU
		{CDD3E0B1-F76F-496F-9902-0397D726093E}.Release|Any CPU.Build.0 = Release|Any CPU
		{CDD3E0B1-F76F-496F-9902-0397D726093E}.Release|x64.ActiveCfg = Release|Any CPU
		{CDD3E0B1-F76F-496F-9902-0397D726093E}.Release|x64.Build.0 = Release|Any CPU
		{CDD3E0B1-F76F-496F-9902-0397D726093E}.Release|x86.ActiveCfg = Release|Any CPU
		{CDD3E0B1-F76F-496F-9902-0397D726093E}.Release|x86.Build.0 = Release|Any CPU
		{1FCA61A1-3A9B-49E2-B14B-C14A47062777}.Debug|Any CPU.ActiveCfg = Debug|Any CPU
		{1FCA61A1-3A9B-49E2-B14B-C14A47062777}.Debug|Any CPU.Build.0 = Debug|Any CPU
		{1FCA61A1-3A9B-49E2-B14B-C14A47062777}.Debug|x64.ActiveCfg = Debug|Any CPU
		{1FCA61A1-3A9B-49E2-B14B-C14A47062777}.Debug|x64.Build.0 = Debug|Any CPU
		{1FCA61A1-3A9B-49E2-B14B-C14A47062777}.Debug|x86.ActiveCfg = Debug|Any CPU
		{1FCA61A1-3A9B-49E2-B14B-C14A47062777}.Debug|x86.Build.0 = Debug|Any CPU
		{1FCA61A1-3A9B-49E2-B14B-C14A47062777}.Release|Any CPU.ActiveCfg = Release|Any CPU
		{1FCA61A1-3A9B-49E2-B14B-C14A47062777}.Release|Any CPU.Build.0 = Release|Any CPU
		{1FCA61A1-3A9B-49E2-B14B-C14A47062777}.Release|x64.ActiveCfg = Release|Any CPU
		{1FCA61A1-3A9B-49E2-B14B-C14A47062777}.Release|x64.Build.0 = Release|Any CPU
		{1FCA61A1-3A9B-49E2-B14B-C14A47062777}.Release|x86.ActiveCfg = Release|Any CPU
		{1FCA61A1-3A9B-49E2-B14B-C14A47062777}.Release|x86.Build.0 = Release|Any CPU
		{740B0933-8AD0-45F2-AB04-2BEB5043B730}.Debug|Any CPU.ActiveCfg = Debug|Any CPU
		{740B0933-8AD0-45F2-AB04-2BEB5043B730}.Debug|Any CPU.Build.0 = Debug|Any CPU
		{740B0933-8AD0-45F2-AB04-2BEB5043B730}.Debug|x64.ActiveCfg = Debug|Any CPU
		{740B0933-8AD0-45F2-AB04-2BEB5043B730}.Debug|x64.Build.0 = Debug|Any CPU
		{740B0933-8AD0-45F2-AB04-2BEB5043B730}.Debug|x86.ActiveCfg = Debug|Any CPU
		{740B0933-8AD0-45F2-AB04-2BEB5043B730}.Debug|x86.Build.0 = Debug|Any CPU
		{740B0933-8AD0-45F2-AB04-2BEB5043B730}.Release|Any CPU.ActiveCfg = Release|Any CPU
		{740B0933-8AD0-45F2-AB04-2BEB5043B730}.Release|Any CPU.Build.0 = Release|Any CPU
		{740B0933-8AD0-45F2-AB04-2BEB5043B730}.Release|x64.ActiveCfg = Release|Any CPU
		{740B0933-8AD0-45F2-AB04-2BEB5043B730}.Release|x64.Build.0 = Release|Any CPU
		{740B0933-8AD0-45F2-AB04-2BEB5043B730}.Release|x86.ActiveCfg = Release|Any CPU
		{740B0933-8AD0-45F2-AB04-2BEB5043B730}.Release|x86.Build.0 = Release|Any CPU
		{32785E15-D591-4CB5-AC95-E4B88CDB1FD0}.Debug|Any CPU.ActiveCfg = Debug|Any CPU
		{32785E15-D591-4CB5-AC95-E4B88CDB1FD0}.Debug|Any CPU.Build.0 = Debug|Any CPU
		{32785E15-D591-4CB5-AC95-E4B88CDB1FD0}.Debug|x64.ActiveCfg = Debug|Any CPU
		{32785E15-D591-4CB5-AC95-E4B88CDB1FD0}.Debug|x64.Build.0 = Debug|Any CPU
		{32785E15-D591-4CB5-AC95-E4B88CDB1FD0}.Debug|x86.ActiveCfg = Debug|Any CPU
		{32785E15-D591-4CB5-AC95-E4B88CDB1FD0}.Debug|x86.Build.0 = Debug|Any CPU
		{32785E15-D591-4CB5-AC95-E4B88CDB1FD0}.Release|Any CPU.ActiveCfg = Release|Any CPU
		{32785E15-D591-4CB5-AC95-E4B88CDB1FD0}.Release|Any CPU.Build.0 = Release|Any CPU
		{32785E15-D591-4CB5-AC95-E4B88CDB1FD0}.Release|x64.ActiveCfg = Release|Any CPU
		{32785E15-D591-4CB5-AC95-E4B88CDB1FD0}.Release|x64.Build.0 = Release|Any CPU
		{32785E15-D591-4CB5-AC95-E4B88CDB1FD0}.Release|x86.ActiveCfg = Release|Any CPU
		{32785E15-D591-4CB5-AC95-E4B88CDB1FD0}.Release|x86.Build.0 = Release|Any CPU
		{87F6E45D-D8C2-4E9E-9281-3954A52D2D0B}.Debug|Any CPU.ActiveCfg = Debug|Any CPU
		{87F6E45D-D8C2-4E9E-9281-3954A52D2D0B}.Debug|Any CPU.Build.0 = Debug|Any CPU
		{87F6E45D-D8C2-4E9E-9281-3954A52D2D0B}.Debug|x64.ActiveCfg = Debug|Any CPU
		{87F6E45D-D8C2-4E9E-9281-3954A52D2D0B}.Debug|x64.Build.0 = Debug|Any CPU
		{87F6E45D-D8C2-4E9E-9281-3954A52D2D0B}.Debug|x86.ActiveCfg = Debug|Any CPU
		{87F6E45D-D8C2-4E9E-9281-3954A52D2D0B}.Debug|x86.Build.0 = Debug|Any CPU
		{87F6E45D-D8C2-4E9E-9281-3954A52D2D0B}.Release|Any CPU.ActiveCfg = Release|Any CPU
		{87F6E45D-D8C2-4E9E-9281-3954A52D2D0B}.Release|Any CPU.Build.0 = Release|Any CPU
		{87F6E45D-D8C2-4E9E-9281-3954A52D2D0B}.Release|x64.ActiveCfg = Release|Any CPU
		{87F6E45D-D8C2-4E9E-9281-3954A52D2D0B}.Release|x64.Build.0 = Release|Any CPU
		{87F6E45D-D8C2-4E9E-9281-3954A52D2D0B}.Release|x86.ActiveCfg = Release|Any CPU
		{87F6E45D-D8C2-4E9E-9281-3954A52D2D0B}.Release|x86.Build.0 = Release|Any CPU
		{0E48BF8C-A787-434A-B02C-619A1C4E064B}.Debug|Any CPU.ActiveCfg = Debug|Any CPU
		{0E48BF8C-A787-434A-B02C-619A1C4E064B}.Debug|Any CPU.Build.0 = Debug|Any CPU
		{0E48BF8C-A787-434A-B02C-619A1C4E064B}.Debug|x64.ActiveCfg = Debug|x64
		{0E48BF8C-A787-434A-B02C-619A1C4E064B}.Debug|x64.Build.0 = Debug|x64
		{0E48BF8C-A787-434A-B02C-619A1C4E064B}.Debug|x86.ActiveCfg = Debug|x86
		{0E48BF8C-A787-434A-B02C-619A1C4E064B}.Debug|x86.Build.0 = Debug|x86
		{0E48BF8C-A787-434A-B02C-619A1C4E064B}.Release|Any CPU.ActiveCfg = Release|Any CPU
		{0E48BF8C-A787-434A-B02C-619A1C4E064B}.Release|Any CPU.Build.0 = Release|Any CPU
		{0E48BF8C-A787-434A-B02C-619A1C4E064B}.Release|x64.ActiveCfg = Release|x64
		{0E48BF8C-A787-434A-B02C-619A1C4E064B}.Release|x64.Build.0 = Release|x64
		{0E48BF8C-A787-434A-B02C-619A1C4E064B}.Release|x86.ActiveCfg = Release|x86
		{0E48BF8C-A787-434A-B02C-619A1C4E064B}.Release|x86.Build.0 = Release|x86
		{37CBA29D-4AD6-4B3C-A699-30784FB1F8DA}.Debug|Any CPU.ActiveCfg = Debug|Any CPU
		{37CBA29D-4AD6-4B3C-A699-30784FB1F8DA}.Debug|Any CPU.Build.0 = Debug|Any CPU
		{37CBA29D-4AD6-4B3C-A699-30784FB1F8DA}.Debug|x64.ActiveCfg = Debug|Any CPU
		{37CBA29D-4AD6-4B3C-A699-30784FB1F8DA}.Debug|x64.Build.0 = Debug|Any CPU
		{37CBA29D-4AD6-4B3C-A699-30784FB1F8DA}.Debug|x86.ActiveCfg = Debug|Any CPU
		{37CBA29D-4AD6-4B3C-A699-30784FB1F8DA}.Debug|x86.Build.0 = Debug|Any CPU
		{37CBA29D-4AD6-4B3C-A699-30784FB1F8DA}.Release|Any CPU.ActiveCfg = Release|Any CPU
		{37CBA29D-4AD6-4B3C-A699-30784FB1F8DA}.Release|Any CPU.Build.0 = Release|Any CPU
		{37CBA29D-4AD6-4B3C-A699-30784FB1F8DA}.Release|x64.ActiveCfg = Release|Any CPU
		{37CBA29D-4AD6-4B3C-A699-30784FB1F8DA}.Release|x64.Build.0 = Release|Any CPU
		{37CBA29D-4AD6-4B3C-A699-30784FB1F8DA}.Release|x86.ActiveCfg = Release|Any CPU
		{37CBA29D-4AD6-4B3C-A699-30784FB1F8DA}.Release|x86.Build.0 = Release|Any CPU
		{B9054852-2D11-4541-9283-C17DA059D877}.Debug|Any CPU.ActiveCfg = Debug|Any CPU
		{B9054852-2D11-4541-9283-C17DA059D877}.Debug|Any CPU.Build.0 = Debug|Any CPU
		{B9054852-2D11-4541-9283-C17DA059D877}.Debug|x64.ActiveCfg = Debug|Any CPU
		{B9054852-2D11-4541-9283-C17DA059D877}.Debug|x64.Build.0 = Debug|Any CPU
		{B9054852-2D11-4541-9283-C17DA059D877}.Debug|x86.ActiveCfg = Debug|Any CPU
		{B9054852-2D11-4541-9283-C17DA059D877}.Debug|x86.Build.0 = Debug|Any CPU
		{B9054852-2D11-4541-9283-C17DA059D877}.Release|Any CPU.ActiveCfg = Release|Any CPU
		{B9054852-2D11-4541-9283-C17DA059D877}.Release|Any CPU.Build.0 = Release|Any CPU
		{B9054852-2D11-4541-9283-C17DA059D877}.Release|x64.ActiveCfg = Release|Any CPU
		{B9054852-2D11-4541-9283-C17DA059D877}.Release|x64.Build.0 = Release|Any CPU
		{B9054852-2D11-4541-9283-C17DA059D877}.Release|x86.ActiveCfg = Release|Any CPU
		{B9054852-2D11-4541-9283-C17DA059D877}.Release|x86.Build.0 = Release|Any CPU
		{72F178CB-F463-48FC-B730-70C3712F9F50}.Debug|Any CPU.ActiveCfg = Debug|Any CPU
		{72F178CB-F463-48FC-B730-70C3712F9F50}.Debug|Any CPU.Build.0 = Debug|Any CPU
		{72F178CB-F463-48FC-B730-70C3712F9F50}.Debug|x64.ActiveCfg = Debug|Any CPU
		{72F178CB-F463-48FC-B730-70C3712F9F50}.Debug|x64.Build.0 = Debug|Any CPU
		{72F178CB-F463-48FC-B730-70C3712F9F50}.Debug|x86.ActiveCfg = Debug|Any CPU
		{72F178CB-F463-48FC-B730-70C3712F9F50}.Debug|x86.Build.0 = Debug|Any CPU
		{72F178CB-F463-48FC-B730-70C3712F9F50}.Release|Any CPU.ActiveCfg = Release|Any CPU
		{72F178CB-F463-48FC-B730-70C3712F9F50}.Release|Any CPU.Build.0 = Release|Any CPU
		{72F178CB-F463-48FC-B730-70C3712F9F50}.Release|x64.ActiveCfg = Release|Any CPU
		{72F178CB-F463-48FC-B730-70C3712F9F50}.Release|x64.Build.0 = Release|Any CPU
		{72F178CB-F463-48FC-B730-70C3712F9F50}.Release|x86.ActiveCfg = Release|Any CPU
		{72F178CB-F463-48FC-B730-70C3712F9F50}.Release|x86.Build.0 = Release|Any CPU
		{8FBA0086-6033-4C57-9D7D-996410F5EBA4}.Debug|Any CPU.ActiveCfg = Debug|Any CPU
		{8FBA0086-6033-4C57-9D7D-996410F5EBA4}.Debug|Any CPU.Build.0 = Debug|Any CPU
		{8FBA0086-6033-4C57-9D7D-996410F5EBA4}.Debug|x64.ActiveCfg = Debug|Any CPU
		{8FBA0086-6033-4C57-9D7D-996410F5EBA4}.Debug|x64.Build.0 = Debug|Any CPU
		{8FBA0086-6033-4C57-9D7D-996410F5EBA4}.Debug|x86.ActiveCfg = Debug|Any CPU
		{8FBA0086-6033-4C57-9D7D-996410F5EBA4}.Debug|x86.Build.0 = Debug|Any CPU
		{8FBA0086-6033-4C57-9D7D-996410F5EBA4}.Release|Any CPU.ActiveCfg = Release|Any CPU
		{8FBA0086-6033-4C57-9D7D-996410F5EBA4}.Release|Any CPU.Build.0 = Release|Any CPU
		{8FBA0086-6033-4C57-9D7D-996410F5EBA4}.Release|x64.ActiveCfg = Release|Any CPU
		{8FBA0086-6033-4C57-9D7D-996410F5EBA4}.Release|x64.Build.0 = Release|Any CPU
		{8FBA0086-6033-4C57-9D7D-996410F5EBA4}.Release|x86.ActiveCfg = Release|Any CPU
		{8FBA0086-6033-4C57-9D7D-996410F5EBA4}.Release|x86.Build.0 = Release|Any CPU
		{8F3E7917-FF03-4CFA-B994-ED669410E071}.Debug|Any CPU.ActiveCfg = Debug|Any CPU
		{8F3E7917-FF03-4CFA-B994-ED669410E071}.Debug|Any CPU.Build.0 = Debug|Any CPU
		{8F3E7917-FF03-4CFA-B994-ED669410E071}.Debug|x64.ActiveCfg = Debug|Any CPU
		{8F3E7917-FF03-4CFA-B994-ED669410E071}.Debug|x64.Build.0 = Debug|Any CPU
		{8F3E7917-FF03-4CFA-B994-ED669410E071}.Debug|x86.ActiveCfg = Debug|Any CPU
		{8F3E7917-FF03-4CFA-B994-ED669410E071}.Debug|x86.Build.0 = Debug|Any CPU
		{8F3E7917-FF03-4CFA-B994-ED669410E071}.Release|Any CPU.ActiveCfg = Release|Any CPU
		{8F3E7917-FF03-4CFA-B994-ED669410E071}.Release|Any CPU.Build.0 = Release|Any CPU
		{8F3E7917-FF03-4CFA-B994-ED669410E071}.Release|x64.ActiveCfg = Release|Any CPU
		{8F3E7917-FF03-4CFA-B994-ED669410E071}.Release|x64.Build.0 = Release|Any CPU
		{8F3E7917-FF03-4CFA-B994-ED669410E071}.Release|x86.ActiveCfg = Release|Any CPU
		{8F3E7917-FF03-4CFA-B994-ED669410E071}.Release|x86.Build.0 = Release|Any CPU
		{C3F7D395-A908-4A69-BEC4-E679331BB104}.Debug|Any CPU.ActiveCfg = Debug|Any CPU
		{C3F7D395-A908-4A69-BEC4-E679331BB104}.Debug|Any CPU.Build.0 = Debug|Any CPU
		{C3F7D395-A908-4A69-BEC4-E679331BB104}.Debug|x64.ActiveCfg = Debug|Any CPU
		{C3F7D395-A908-4A69-BEC4-E679331BB104}.Debug|x64.Build.0 = Debug|Any CPU
		{C3F7D395-A908-4A69-BEC4-E679331BB104}.Debug|x86.ActiveCfg = Debug|Any CPU
		{C3F7D395-A908-4A69-BEC4-E679331BB104}.Debug|x86.Build.0 = Debug|Any CPU
		{C3F7D395-A908-4A69-BEC4-E679331BB104}.Release|Any CPU.ActiveCfg = Release|Any CPU
		{C3F7D395-A908-4A69-BEC4-E679331BB104}.Release|Any CPU.Build.0 = Release|Any CPU
		{C3F7D395-A908-4A69-BEC4-E679331BB104}.Release|x64.ActiveCfg = Release|Any CPU
		{C3F7D395-A908-4A69-BEC4-E679331BB104}.Release|x64.Build.0 = Release|Any CPU
		{C3F7D395-A908-4A69-BEC4-E679331BB104}.Release|x86.ActiveCfg = Release|Any CPU
		{C3F7D395-A908-4A69-BEC4-E679331BB104}.Release|x86.Build.0 = Release|Any CPU
		{AEE061E2-5098-403E-AE10-2A8FBF00F211}.Debug|Any CPU.ActiveCfg = Debug|Any CPU
		{AEE061E2-5098-403E-AE10-2A8FBF00F211}.Debug|Any CPU.Build.0 = Debug|Any CPU
		{AEE061E2-5098-403E-AE10-2A8FBF00F211}.Debug|x64.ActiveCfg = Debug|Any CPU
		{AEE061E2-5098-403E-AE10-2A8FBF00F211}.Debug|x64.Build.0 = Debug|Any CPU
		{AEE061E2-5098-403E-AE10-2A8FBF00F211}.Debug|x86.ActiveCfg = Debug|Any CPU
		{AEE061E2-5098-403E-AE10-2A8FBF00F211}.Debug|x86.Build.0 = Debug|Any CPU
		{AEE061E2-5098-403E-AE10-2A8FBF00F211}.Release|Any CPU.ActiveCfg = Release|Any CPU
		{AEE061E2-5098-403E-AE10-2A8FBF00F211}.Release|Any CPU.Build.0 = Release|Any CPU
		{AEE061E2-5098-403E-AE10-2A8FBF00F211}.Release|x64.ActiveCfg = Release|Any CPU
		{AEE061E2-5098-403E-AE10-2A8FBF00F211}.Release|x64.Build.0 = Release|Any CPU
		{AEE061E2-5098-403E-AE10-2A8FBF00F211}.Release|x86.ActiveCfg = Release|Any CPU
		{AEE061E2-5098-403E-AE10-2A8FBF00F211}.Release|x86.Build.0 = Release|Any CPU
		{37FFABF9-64C7-477D-994B-81F204F0FD2E}.Debug|Any CPU.ActiveCfg = Debug|Any CPU
		{37FFABF9-64C7-477D-994B-81F204F0FD2E}.Debug|Any CPU.Build.0 = Debug|Any CPU
		{37FFABF9-64C7-477D-994B-81F204F0FD2E}.Debug|x64.ActiveCfg = Debug|Any CPU
		{37FFABF9-64C7-477D-994B-81F204F0FD2E}.Debug|x64.Build.0 = Debug|Any CPU
		{37FFABF9-64C7-477D-994B-81F204F0FD2E}.Debug|x86.ActiveCfg = Debug|Any CPU
		{37FFABF9-64C7-477D-994B-81F204F0FD2E}.Debug|x86.Build.0 = Debug|Any CPU
		{37FFABF9-64C7-477D-994B-81F204F0FD2E}.Release|Any CPU.ActiveCfg = Release|Any CPU
		{37FFABF9-64C7-477D-994B-81F204F0FD2E}.Release|Any CPU.Build.0 = Release|Any CPU
		{37FFABF9-64C7-477D-994B-81F204F0FD2E}.Release|x64.ActiveCfg = Release|Any CPU
		{37FFABF9-64C7-477D-994B-81F204F0FD2E}.Release|x64.Build.0 = Release|Any CPU
		{37FFABF9-64C7-477D-994B-81F204F0FD2E}.Release|x86.ActiveCfg = Release|Any CPU
		{37FFABF9-64C7-477D-994B-81F204F0FD2E}.Release|x86.Build.0 = Release|Any CPU
		{371A1D37-47BE-417F-82F0-3BE47A82AAD0}.Debug|Any CPU.ActiveCfg = Debug|Any CPU
		{371A1D37-47BE-417F-82F0-3BE47A82AAD0}.Debug|Any CPU.Build.0 = Debug|Any CPU
		{371A1D37-47BE-417F-82F0-3BE47A82AAD0}.Debug|x64.ActiveCfg = Debug|x64
		{371A1D37-47BE-417F-82F0-3BE47A82AAD0}.Debug|x64.Build.0 = Debug|x64
		{371A1D37-47BE-417F-82F0-3BE47A82AAD0}.Debug|x86.ActiveCfg = Debug|x86
		{371A1D37-47BE-417F-82F0-3BE47A82AAD0}.Debug|x86.Build.0 = Debug|x86
		{371A1D37-47BE-417F-82F0-3BE47A82AAD0}.Release|Any CPU.ActiveCfg = Release|Any CPU
		{371A1D37-47BE-417F-82F0-3BE47A82AAD0}.Release|Any CPU.Build.0 = Release|Any CPU
		{371A1D37-47BE-417F-82F0-3BE47A82AAD0}.Release|x64.ActiveCfg = Release|x64
		{371A1D37-47BE-417F-82F0-3BE47A82AAD0}.Release|x64.Build.0 = Release|x64
		{371A1D37-47BE-417F-82F0-3BE47A82AAD0}.Release|x86.ActiveCfg = Release|x86
		{371A1D37-47BE-417F-82F0-3BE47A82AAD0}.Release|x86.Build.0 = Release|x86
		{4E91C704-FD33-424C-9E88-642766DBA5B5}.Debug|Any CPU.ActiveCfg = Debug|Any CPU
		{4E91C704-FD33-424C-9E88-642766DBA5B5}.Debug|Any CPU.Build.0 = Debug|Any CPU
		{4E91C704-FD33-424C-9E88-642766DBA5B5}.Debug|x64.ActiveCfg = Debug|Any CPU
		{4E91C704-FD33-424C-9E88-642766DBA5B5}.Debug|x64.Build.0 = Debug|Any CPU
		{4E91C704-FD33-424C-9E88-642766DBA5B5}.Debug|x86.ActiveCfg = Debug|Any CPU
		{4E91C704-FD33-424C-9E88-642766DBA5B5}.Debug|x86.Build.0 = Debug|Any CPU
		{4E91C704-FD33-424C-9E88-642766DBA5B5}.Release|Any CPU.ActiveCfg = Release|Any CPU
		{4E91C704-FD33-424C-9E88-642766DBA5B5}.Release|Any CPU.Build.0 = Release|Any CPU
		{4E91C704-FD33-424C-9E88-642766DBA5B5}.Release|x64.ActiveCfg = Release|Any CPU
		{4E91C704-FD33-424C-9E88-642766DBA5B5}.Release|x64.Build.0 = Release|Any CPU
		{4E91C704-FD33-424C-9E88-642766DBA5B5}.Release|x86.ActiveCfg = Release|Any CPU
		{4E91C704-FD33-424C-9E88-642766DBA5B5}.Release|x86.Build.0 = Release|Any CPU
	EndGlobalSection
	GlobalSection(SolutionProperties) = preSolution
		HideSolutionNode = FALSE
	EndGlobalSection
	GlobalSection(NestedProjects) = preSolution
		{B043B893-03D6-439A-B253-FEDEA5AC8801} = {66037692-DAFD-4BB8-9AF1-CDDD70498090}
		{8FB3DD15-F379-413D-A05B-829055220180} = {66037692-DAFD-4BB8-9AF1-CDDD70498090}
		{6DF685F7-0E15-4E94-963B-8B4873B4917D} = {66037692-DAFD-4BB8-9AF1-CDDD70498090}
		{0E63B6BB-9E31-4493-90A3-D54B232F5E21} = {66037692-DAFD-4BB8-9AF1-CDDD70498090}
		{EEFE353B-CE79-4254-BF88-8FD49D43DFB8} = {66037692-DAFD-4BB8-9AF1-CDDD70498090}
		{CDD3E0B1-F76F-496F-9902-0397D726093E} = {1BDA35C7-EACC-453E-B0BD-8E67CC06C407}
		{D795851F-289C-4A62-B662-225E37E5B604} = {18ABC29F-40DA-42F1-8F4A-80F2762D3481}
		{1FCA61A1-3A9B-49E2-B14B-C14A47062777} = {D795851F-289C-4A62-B662-225E37E5B604}
		{740B0933-8AD0-45F2-AB04-2BEB5043B730} = {D795851F-289C-4A62-B662-225E37E5B604}
		{2EA6ADCB-19CC-4020-B888-5504CD42E7CD} = {18ABC29F-40DA-42F1-8F4A-80F2762D3481}
		{32785E15-D591-4CB5-AC95-E4B88CDB1FD0} = {2EA6ADCB-19CC-4020-B888-5504CD42E7CD}
		{87F6E45D-D8C2-4E9E-9281-3954A52D2D0B} = {2EA6ADCB-19CC-4020-B888-5504CD42E7CD}
		{0E48BF8C-A787-434A-B02C-619A1C4E064B} = {2EA6ADCB-19CC-4020-B888-5504CD42E7CD}
		{37CBA29D-4AD6-4B3C-A699-30784FB1F8DA} = {2EA6ADCB-19CC-4020-B888-5504CD42E7CD}
		{1ADA24A8-6F45-41E0-B950-78FA69A37C75} = {18ABC29F-40DA-42F1-8F4A-80F2762D3481}
		{B9054852-2D11-4541-9283-C17DA059D877} = {1ADA24A8-6F45-41E0-B950-78FA69A37C75}
		{72F178CB-F463-48FC-B730-70C3712F9F50} = {1ADA24A8-6F45-41E0-B950-78FA69A37C75}
		{8FBA0086-6033-4C57-9D7D-996410F5EBA4} = {1ADA24A8-6F45-41E0-B950-78FA69A37C75}
		{3F75C32A-2821-4960-A636-D9A3D66E41EA} = {18ABC29F-40DA-42F1-8F4A-80F2762D3481}
		{958DD192-75E5-4853-854F-8B019D2EDA62} = {18ABC29F-40DA-42F1-8F4A-80F2762D3481}
		{C0059483-DD95-4FD7-B2CE-F817A6CA020A} = {18ABC29F-40DA-42F1-8F4A-80F2762D3481}
		{8F3E7917-FF03-4CFA-B994-ED669410E071} = {3F75C32A-2821-4960-A636-D9A3D66E41EA}
		{C3F7D395-A908-4A69-BEC4-E679331BB104} = {3F75C32A-2821-4960-A636-D9A3D66E41EA}
		{AEE061E2-5098-403E-AE10-2A8FBF00F211} = {958DD192-75E5-4853-854F-8B019D2EDA62}
		{37FFABF9-64C7-477D-994B-81F204F0FD2E} = {958DD192-75E5-4853-854F-8B019D2EDA62}
		{371A1D37-47BE-417F-82F0-3BE47A82AAD0} = {958DD192-75E5-4853-854F-8B019D2EDA62}
		{4E91C704-FD33-424C-9E88-642766DBA5B5} = {958DD192-75E5-4853-854F-8B019D2EDA62}
	EndGlobalSection
	GlobalSection(ExtensibilityGlobals) = postSolution
		SolutionGuid = {36A51A0F-7F1D-4750-8135-34F991E041BB}
	EndGlobalSection
EndGlobal
